
Microsoft Visual Studio Solution File, Format Version 12.00
# Visual Studio Version 17
VisualStudioVersion = 17.5.33516.290
MinimumVisualStudioVersion = 10.0.40219.1
Project("{FAE04EC0-301F-11D3-BF4B-00C04F79EFBC}") = "Estrategia", "Estrategia\Estrategia.csproj", "{908A8003-2E3A-4AAA-ADCB-666B7DB85BDD}"
EndProject
Global
	GlobalSection(SolutionConfigurationPlatforms) = preSolution
		Debug|Any CPU = Debug|Any CPU
		Release|Any CPU = Release|Any CPU
	EndGlobalSection
	GlobalSection(ProjectConfigurationPlatforms) = postSolution
		{908A8003-2E3A-4AAA-ADCB-666B7DB85BDD}.Debug|Any CPU.ActiveCfg = Debug|Any CPU
		{908A8003-2E3A-4AAA-ADCB-666B7DB85BDD}.Debug|Any CPU.Build.0 = Debug|Any CPU
		{908A8003-2E3A-4AAA-ADCB-666B7DB85BDD}.Release|Any CPU.ActiveCfg = Release|Any CPU
		{908A8003-2E3A-4AAA-ADCB-666B7DB85BDD}.Release|Any CPU.Build.0 = Release|Any CPU
	EndGlobalSection
	GlobalSection(SolutionProperties) = preSolution
		HideSolutionNode = FALSE
	EndGlobalSection
	GlobalSection(ExtensibilityGlobals) = postSolution
		SolutionGuid = {0CC2CF3B-9012-4459-9FE0-5BE8B0997D05}
	EndGlobalSection
EndGlobal
