
Microsoft Visual Studio Solution File, Format Version 12.00
# Visual Studio Version 17
VisualStudioVersion = 17.5.33516.290
MinimumVisualStudioVersion = 10.0.40219.1
Project("{FAE04EC0-301F-11D3-BF4B-00C04F79EFBC}") = "Prototype", "Prototype\Prototype.csproj", "{B5A0FEE5-29B9-4CDB-A042-9E604CC4D50B}"
EndProject
Global
	GlobalSection(SolutionConfigurationPlatforms) = preSolution
		Debug|Any CPU = Debug|Any CPU
		Release|Any CPU = Release|Any CPU
	EndGlobalSection
	GlobalSection(ProjectConfigurationPlatforms) = postSolution
		{B5A0FEE5-29B9-4CDB-A042-9E604CC4D50B}.Debug|Any CPU.ActiveCfg = Debug|Any CPU
		{B5A0FEE5-29B9-4CDB-A042-9E604CC4D50B}.Debug|Any CPU.Build.0 = Debug|Any CPU
		{B5A0FEE5-29B9-4CDB-A042-9E604CC4D50B}.Release|Any CPU.ActiveCfg = Release|Any CPU
		{B5A0FEE5-29B9-4CDB-A042-9E604CC4D50B}.Release|Any CPU.Build.0 = Release|Any CPU
	EndGlobalSection
	GlobalSection(SolutionProperties) = preSolution
		HideSolutionNode = FALSE
	EndGlobalSection
	GlobalSection(ExtensibilityGlobals) = postSolution
		SolutionGuid = {9EFC7E80-F607-4482-BC62-40162D784BE5}
	EndGlobalSection
EndGlobal
