
Microsoft Visual Studio Solution File, Format Version 12.00
# Visual Studio Version 17
VisualStudioVersion = 17.5.33516.290
MinimumVisualStudioVersion = 10.0.40219.1
Project("{FAE04EC0-301F-11D3-BF4B-00C04F79EFBC}") = "Builder", "Builder\Builder.csproj", "{D4B90EE0-8018-4284-B53F-62F25EEBD92E}"
EndProject
Global
	GlobalSection(SolutionConfigurationPlatforms) = preSolution
		Debug|Any CPU = Debug|Any CPU
		Release|Any CPU = Release|Any CPU
	EndGlobalSection
	GlobalSection(ProjectConfigurationPlatforms) = postSolution
		{D4B90EE0-8018-4284-B53F-62F25EEBD92E}.Debug|Any CPU.ActiveCfg = Debug|Any CPU
		{D4B90EE0-8018-4284-B53F-62F25EEBD92E}.Debug|Any CPU.Build.0 = Debug|Any CPU
		{D4B90EE0-8018-4284-B53F-62F25EEBD92E}.Release|Any CPU.ActiveCfg = Release|Any CPU
		{D4B90EE0-8018-4284-B53F-62F25EEBD92E}.Release|Any CPU.Build.0 = Release|Any CPU
	EndGlobalSection
	GlobalSection(SolutionProperties) = preSolution
		HideSolutionNode = FALSE
	EndGlobalSection
	GlobalSection(ExtensibilityGlobals) = postSolution
		SolutionGuid = {0F006190-CE5E-439B-9446-ECCE15D25ED3}
	EndGlobalSection
EndGlobal
