
Microsoft Visual Studio Solution File, Format Version 12.00
# Visual Studio Version 17
VisualStudioVersion = 17.5.33516.290
MinimumVisualStudioVersion = 10.0.40219.1
Project("{FAE04EC0-301F-11D3-BF4B-00C04F79EFBC}") = "Visitor2", "Visitor2\Visitor2.csproj", "{FA2EC26F-68A9-44B4-BB1F-5B74E98ED04B}"
EndProject
Global
	GlobalSection(SolutionConfigurationPlatforms) = preSolution
		Debug|Any CPU = Debug|Any CPU
		Release|Any CPU = Release|Any CPU
	EndGlobalSection
	GlobalSection(ProjectConfigurationPlatforms) = postSolution
		{FA2EC26F-68A9-44B4-BB1F-5B74E98ED04B}.Debug|Any CPU.ActiveCfg = Debug|Any CPU
		{FA2EC26F-68A9-44B4-BB1F-5B74E98ED04B}.Debug|Any CPU.Build.0 = Debug|Any CPU
		{FA2EC26F-68A9-44B4-BB1F-5B74E98ED04B}.Release|Any CPU.ActiveCfg = Release|Any CPU
		{FA2EC26F-68A9-44B4-BB1F-5B74E98ED04B}.Release|Any CPU.Build.0 = Release|Any CPU
	EndGlobalSection
	GlobalSection(SolutionProperties) = preSolution
		HideSolutionNode = FALSE
	EndGlobalSection
	GlobalSection(ExtensibilityGlobals) = postSolution
		SolutionGuid = {876DAF75-8731-4C5D-83AE-2F8BE1331DC4}
	EndGlobalSection
EndGlobal
